// !$*UTF8*$!
{
	archiveVersion = 1;
	classes = {
	};
	objectVersion = 56;
	objects = {

/* Begin PBXBuildFile section */
		FA5D6C932C4A3426009CDDB9 /* CustomSegmentedControlSUIApp.swift in Sources */ = {isa = PBXBuildFile; fileRef = FA5D6C922C4A3426009CDDB9 /* CustomSegmentedControlSUIApp.swift */; };
		FA5D6C952C4A3426009CDDB9 /* ContentView.swift in Sources */ = {isa = PBXBuildFile; fileRef = FA5D6C942C4A3426009CDDB9 /* ContentView.swift */; };
		FA5D6C972C4A3429009CDDB9 /* Assets.xcassets in Resources */ = {isa = PBXBuildFile; fileRef = FA5D6C962C4A3429009CDDB9 /* Assets.xcassets */; };
		FA5D6C9A2C4A3429009CDDB9 /* Preview Assets.xcassets in Resources */ = {isa = PBXBuildFile; fileRef = FA5D6C992C4A3429009CDDB9 /* Preview Assets.xcassets */; };
		FA5D6CA12C4A3522009CDDB9 /* CustomSegmentedPicker.swift in Sources */ = {isa = PBXBuildFile; fileRef = FA5D6CA02C4A3522009CDDB9 /* CustomSegmentedPicker.swift */; };
		FA5D6CA42C4A35B9009CDDB9 /* ExploreView.swift in Sources */ = {isa = PBXBuildFile; fileRef = FA5D6CA32C4A35B9009CDDB9 /* ExploreView.swift */; };
		FA5D6CA62C4A4693009CDDB9 /* StoriesOfSuccessView.swift in Sources */ = {isa = PBXBuildFile; fileRef = FA5D6CA52C4A4693009CDDB9 /* StoriesOfSuccessView.swift */; };
/* End PBXBuildFile section */

/* Begin PBXFileReference section */
		FA5D6C8F2C4A3426009CDDB9 /* CustomSegmentedControlSUI.app */ = {isa = PBXFileReference; explicitFileType = wrapper.application; includeInIndex = 0; path = CustomSegmentedControlSUI.app; sourceTree = BUILT_PRODUCTS_DIR; };
		FA5D6C922C4A3426009CDDB9 /* CustomSegmentedControlSUIApp.swift */ = {isa = PBXFileReference; lastKnownFileType = sourcecode.swift; path = CustomSegmentedControlSUIApp.swift; sourceTree = "<group>"; };
		FA5D6C942C4A3426009CDDB9 /* ContentView.swift */ = {isa = PBXFileReference; lastKnownFileType = sourcecode.swift; path = ContentView.swift; sourceTree = "<group>"; };
		FA5D6C962C4A3429009CDDB9 /* Assets.xcassets */ = {isa = PBXFileReference; lastKnownFileType = folder.assetcatalog; path = Assets.xcassets; sourceTree = "<group>"; };
		FA5D6C992C4A3429009CDDB9 /* Preview Assets.xcassets */ = {isa = PBXFileReference; lastKnownFileType = folder.assetcatalog; path = "Preview Assets.xcassets"; sourceTree = "<group>"; };
		FA5D6CA02C4A3522009CDDB9 /* CustomSegmentedPicker.swift */ = {isa = PBXFileReference; lastKnownFileType = sourcecode.swift; path = CustomSegmentedPicker.swift; sourceTree = "<group>"; };
		FA5D6CA32C4A35B9009CDDB9 /* ExploreView.swift */ = {isa = PBXFileReference; lastKnownFileType = sourcecode.swift; path = ExploreView.swift; sourceTree = "<group>"; };
		FA5D6CA52C4A4693009CDDB9 /* StoriesOfSuccessView.swift */ = {isa = PBXFileReference; lastKnownFileType = sourcecode.swift; path = StoriesOfSuccessView.swift; sourceTree = "<group>"; };
/* End PBXFileReference section */

/* Begin PBXFrameworksBuildPhase section */
		FA5D6C8C2C4A3426009CDDB9 /* Frameworks */ = {
			isa = PBXFrameworksBuildPhase;
			buildActionMask = 2147483647;
			files = (
			);
			runOnlyForDeploymentPostprocessing = 0;
		};
/* End PBXFrameworksBuildPhase section */

/* Begin PBXGroup section */
		FA5D6C862C4A3426009CDDB9 = {
			isa = PBXGroup;
			children = (
				FA5D6C912C4A3426009CDDB9 /* CustomSegmentedControlSUI */,
				FA5D6C902C4A3426009CDDB9 /* Products */,
			);
			sourceTree = "<group>";
		};
		FA5D6C902C4A3426009CDDB9 /* Products */ = {
			isa = PBXGroup;
			children = (
				FA5D6C8F2C4A3426009CDDB9 /* CustomSegmentedControlSUI.app */,
			);
			name = Products;
			sourceTree = "<group>";
		};
		FA5D6C912C4A3426009CDDB9 /* CustomSegmentedControlSUI */ = {
			isa = PBXGroup;
			children = (
				FA5D6CA22C4A359F009CDDB9 /* Views */,
				FA5D6C922C4A3426009CDDB9 /* CustomSegmentedControlSUIApp.swift */,
				FA5D6C942C4A3426009CDDB9 /* ContentView.swift */,
				FA5D6CA02C4A3522009CDDB9 /* CustomSegmentedPicker.swift */,
				FA5D6C962C4A3429009CDDB9 /* Assets.xcassets */,
				FA5D6C982C4A3429009CDDB9 /* Preview Content */,
			);
			path = CustomSegmentedControlSUI;
			sourceTree = "<group>";
		};
		FA5D6C982C4A3429009CDDB9 /* Preview Content */ = {
			isa = PBXGroup;
			children = (
				FA5D6C992C4A3429009CDDB9 /* Preview Assets.xcassets */,
			);
			path = "Preview Content";
			sourceTree = "<group>";
		};
		FA5D6CA22C4A359F009CDDB9 /* Views */ = {
			isa = PBXGroup;
			children = (
				FA5D6CA32C4A35B9009CDDB9 /* ExploreView.swift */,
				FA5D6CA52C4A4693009CDDB9 /* StoriesOfSuccessView.swift */,
			);
			path = Views;
			sourceTree = "<group>";
		};
/* End PBXGroup section */

/* Begin PBXNativeTarget section */
		FA5D6C8E2C4A3426009CDDB9 /* CustomSegmentedControlSUI */ = {
			isa = PBXNativeTarget;
			buildConfigurationList = FA5D6C9D2C4A3429009CDDB9 /* Build configuration list for PBXNativeTarget "CustomSegmentedControlSUI" */;
			buildPhases = (
				FA5D6C8B2C4A3426009CDDB9 /* Sources */,
				FA5D6C8C2C4A3426009CDDB9 /* Frameworks */,
				FA5D6C8D2C4A3426009CDDB9 /* Resources */,
			);
			buildRules = (
			);
			dependencies = (
			);
			name = CustomSegmentedControlSUI;
			productName = CustomSegmentedControlSUI;
			productReference = FA5D6C8F2C4A3426009CDDB9 /* CustomSegmentedControlSUI.app */;
			productType = "com.apple.product-type.application";
		};
/* End PBXNativeTarget section */

/* Begin PBXProject section */
		FA5D6C872C4A3426009CDDB9 /* Project object */ = {
			isa = PBXProject;
			attributes = {
				BuildIndependentTargetsInParallel = 1;
				LastSwiftUpdateCheck = 1520;
				LastUpgradeCheck = 1520;
				TargetAttributes = {
					FA5D6C8E2C4A3426009CDDB9 = {
						CreatedOnToolsVersion = 15.2;
					};
				};
			};
			buildConfigurationList = FA5D6C8A2C4A3426009CDDB9 /* Build configuration list for PBXProject "CustomSegmentedControlSUI" */;
			compatibilityVersion = "Xcode 14.0";
			developmentRegion = en;
			hasScannedForEncodings = 0;
			knownRegions = (
				en,
				Base,
			);
			mainGroup = FA5D6C862C4A3426009CDDB9;
			productRefGroup = FA5D6C902C4A3426009CDDB9 /* Products */;
			projectDirPath = "";
			projectRoot = "";
			targets = (
				FA5D6C8E2C4A3426009CDDB9 /* CustomSegmentedControlSUI */,
			);
		};
/* End PBXProject section */

/* Begin PBXResourcesBuildPhase section */
		FA5D6C8D2C4A3426009CDDB9 /* Resources */ = {
			isa = PBXResourcesBuildPhase;
			buildActionMask = 2147483647;
			files = (
				FA5D6C9A2C4A3429009CDDB9 /* Preview Assets.xcassets in Resources */,
				FA5D6C972C4A3429009CDDB9 /* Assets.xcassets in Resources */,
			);
			runOnlyForDeploymentPostprocessing = 0;
		};
/* End PBXResourcesBuildPhase section */

/* Begin PBXSourcesBuildPhase section */
		FA5D6C8B2C4A3426009CDDB9 /* Sources */ = {
			isa = PBXSourcesBuildPhase;
			buildActionMask = 2147483647;
			files = (
				FA5D6C952C4A3426009CDDB9 /* ContentView.swift in Sources */,
				FA5D6C932C4A3426009CDDB9 /* CustomSegmentedControlSUIApp.swift in Sources */,
				FA5D6CA42C4A35B9009CDDB9 /* ExploreView.swift in Sources */,
				FA5D6CA12C4A3522009CDDB9 /* CustomSegmentedPicker.swift in Sources */,
				FA5D6CA62C4A4693009CDDB9 /* StoriesOfSuccessView.swift in Sources */,
			);
			runOnlyForDeploymentPostprocessing = 0;
		};
/* End PBXSourcesBuildPhase section */

/* Begin XCBuildConfiguration section */
		FA5D6C9B2C4A3429009CDDB9 /* Debug */ = {
			isa = XCBuildConfiguration;
			buildSettings = {
				ALWAYS_SEARCH_USER_PATHS = NO;
				ASSETCATALOG_COMPILER_GENERATE_SWIFT_ASSET_SYMBOL_EXTENSIONS = YES;
				CLANG_ANALYZER_NONNULL = YES;
				CLANG_ANALYZER_NUMBER_OBJECT_CONVERSION = YES_AGGRESSIVE;
				CLANG_CXX_LANGUAGE_STANDARD = "gnu++20";
				CLANG_ENABLE_MODULES = YES;
				CLANG_ENABLE_OBJC_ARC = YES;
				CLANG_ENABLE_OBJC_WEAK = YES;
				CLANG_WARN_BLOCK_CAPTURE_AUTORELEASING = YES;
				CLANG_WARN_BOOL_CONVERSION = YES;
				CLANG_WARN_COMMA = YES;
				CLANG_WARN_CONSTANT_CONVERSION = YES;
				CLANG_WARN_DEPRECATED_OBJC_IMPLEMENTATIONS = YES;
				CLANG_WARN_DIRECT_OBJC_ISA_USAGE = YES_ERROR;
				CLANG_WARN_DOCUMENTATION_COMMENTS = YES;
				CLANG_WARN_EMPTY_BODY = YES;
				CLANG_WARN_ENUM_CONVERSION = YES;
				CLANG_WARN_INFINITE_RECURSION = YES;
				CLANG_WARN_INT_CONVERSION = YES;
				CLANG_WARN_NON_LITERAL_NULL_CONVERSION = YES;
				CLANG_WARN_OBJC_IMPLICIT_RETAIN_SELF = YES;
				CLANG_WARN_OBJC_LITERAL_CONVERSION = YES;
				CLANG_WARN_OBJC_ROOT_CLASS = YES_ERROR;
				CLANG_WARN_QUOTED_INCLUDE_IN_FRAMEWORK_HEADER = YES;
				CLANG_WARN_RANGE_LOOP_ANALYSIS = YES;
				CLANG_WARN_STRICT_PROTOTYPES = YES;
				CLANG_WARN_SUSPICIOUS_MOVE = YES;
				CLANG_WARN_UNGUARDED_AVAILABILITY = YES_AGGRESSIVE;
				CLANG_WARN_UNREACHABLE_CODE = YES;
				CLANG_WARN__DUPLICATE_METHOD_MATCH = YES;
				COPY_PHASE_STRIP = NO;
				DEBUG_INFORMATION_FORMAT = dwarf;
				ENABLE_STRICT_OBJC_MSGSEND = YES;
				ENABLE_TESTABILITY = YES;
				ENABLE_USER_SCRIPT_SANDBOXING = YES;
				GCC_C_LANGUAGE_STANDARD = gnu17;
				GCC_DYNAMIC_NO_PIC = NO;
				GCC_NO_COMMON_BLOCKS = YES;
				GCC_OPTIMIZATION_LEVEL = 0;
				GCC_PREPROCESSOR_DEFINITIONS = (
					"DEBUG=1",
					"$(inherited)",
				);
				GCC_WARN_64_TO_32_BIT_CONVERSION = YES;
				GCC_WARN_ABOUT_RETURN_TYPE = YES_ERROR;
				GCC_WARN_UNDECLARED_SELECTOR = YES;
				GCC_WARN_UNINITIALIZED_AUTOS = YES_AGGRESSIVE;
				GCC_WARN_UNUSED_FUNCTION = YES;
				GCC_WARN_UNUSED_VARIABLE = YES;
				IPHONEOS_DEPLOYMENT_TARGET = 17.2;
				LOCALIZATION_PREFERS_STRING_CATALOGS = YES;
				MTL_ENABLE_DEBUG_INFO = INCLUDE_SOURCE;
				MTL_FAST_MATH = YES;
				ONLY_ACTIVE_ARCH = YES;
				SDKROOT = iphoneos;
				SWIFT_ACTIVE_COMPILATION_CONDITIONS = "DEBUG $(inherited)";
				SWIFT_OPTIMIZATION_LEVEL = "-Onone";
			};
			name = Debug;
		};
		FA5D6C9C2C4A3429009CDDB9 /* Release */ = {
			isa = XCBuildConfiguration;
			buildSettings = {
				ALWAYS_SEARCH_USER_PATHS = NO;
				ASSETCATALOG_COMPILER_GENERATE_SWIFT_ASSET_SYMBOL_EXTENSIONS = YES;
				CLANG_ANALYZER_NONNULL = YES;
				CLANG_ANALYZER_NUMBER_OBJECT_CONVERSION = YES_AGGRESSIVE;
				CLANG_CXX_LANGUAGE_STANDARD = "gnu++20";
				CLANG_ENABLE_MODULES = YES;
				CLANG_ENABLE_OBJC_ARC = YES;
				CLANG_ENABLE_OBJC_WEAK = YES;
				CLANG_WARN_BLOCK_CAPTURE_AUTORELEASING = YES;
				CLANG_WARN_BOOL_CONVERSION = YES;
				CLANG_WARN_COMMA = YES;
				CLANG_WARN_CONSTANT_CONVERSION = YES;
				CLANG_WARN_DEPRECATED_OBJC_IMPLEMENTATIONS = YES;
				CLANG_WARN_DIRECT_OBJC_ISA_USAGE = YES_ERROR;
				CLANG_WARN_DOCUMENTATION_COMMENTS = YES;
				CLANG_WARN_EMPTY_BODY = YES;
				CLANG_WARN_ENUM_CONVERSION = YES;
				CLANG_WARN_INFINITE_RECURSION = YES;
				CLANG_WARN_INT_CONVERSION = YES;
				CLANG_WARN_NON_LITERAL_NULL_CONVERSION = YES;
				CLANG_WARN_OBJC_IMPLICIT_RETAIN_SELF = YES;
				CLANG_WARN_OBJC_LITERAL_CONVERSION = YES;
				CLANG_WARN_OBJC_ROOT_CLASS = YES_ERROR;
				CLANG_WARN_QUOTED_INCLUDE_IN_FRAMEWORK_HEADER = YES;
				CLANG_WARN_RANGE_LOOP_ANALYSIS = YES;
				CLANG_WARN_STRICT_PROTOTYPES = YES;
				CLANG_WARN_SUSPICIOUS_MOVE = YES;
				CLANG_WARN_UNGUARDED_AVAILABILITY = YES_AGGRESSIVE;
				CLANG_WARN_UNREACHABLE_CODE = YES;
				CLANG_WARN__DUPLICATE_METHOD_MATCH = YES;
				COPY_PHASE_STRIP = NO;
				DEBUG_INFORMATION_FORMAT = "dwarf-with-dsym";
				ENABLE_NS_ASSERTIONS = NO;
				ENABLE_STRICT_OBJC_MSGSEND = YES;
				ENABLE_USER_SCRIPT_SANDBOXING = YES;
				GCC_C_LANGUAGE_STANDARD = gnu17;
				GCC_NO_COMMON_BLOCKS = YES;
				GCC_WARN_64_TO_32_BIT_CONVERSION = YES;
				GCC_WARN_ABOUT_RETURN_TYPE = YES_ERROR;
				GCC_WARN_UNDECLARED_SELECTOR = YES;
				GCC_WARN_UNINITIALIZED_AUTOS = YES_AGGRESSIVE;
				GCC_WARN_UNUSED_FUNCTION = YES;
				GCC_WARN_UNUSED_VARIABLE = YES;
				IPHONEOS_DEPLOYMENT_TARGET = 17.2;
				LOCALIZATION_PREFERS_STRING_CATALOGS = YES;
				MTL_ENABLE_DEBUG_INFO = NO;
				MTL_FAST_MATH = YES;
				SDKROOT = iphoneos;
				SWIFT_COMPILATION_MODE = wholemodule;
				VALIDATE_PRODUCT = YES;
			};
			name = Release;
		};
		FA5D6C9E2C4A3429009CDDB9 /* Debug */ = {
			isa = XCBuildConfiguration;
			buildSettings = {
				ASSETCATALOG_COMPILER_APPICON_NAME = AppIcon;
				ASSETCATALOG_COMPILER_GLOBAL_ACCENT_COLOR_NAME = AccentColor;
				CODE_SIGN_STYLE = Automatic;
				CURRENT_PROJECT_VERSION = 1;
				DEVELOPMENT_ASSET_PATHS = "\"CustomSegmentedControlSUI/Preview Content\"";
				DEVELOPMENT_TEAM = 8A8R6ZQST8;
				ENABLE_PREVIEWS = YES;
				GENERATE_INFOPLIST_FILE = YES;
				INFOPLIST_KEY_UIApplicationSceneManifest_Generation = YES;
				INFOPLIST_KEY_UIApplicationSupportsIndirectInputEvents = YES;
				INFOPLIST_KEY_UILaunchScreen_Generation = YES;
				INFOPLIST_KEY_UISupportedInterfaceOrientations_iPad = "UIInterfaceOrientationPortrait UIInterfaceOrientationPortraitUpsideDown UIInterfaceOrientationLandscapeLeft UIInterfaceOrientationLandscapeRight";
				INFOPLIST_KEY_UISupportedInterfaceOrientations_iPhone = "UIInterfaceOrientationPortrait UIInterfaceOrientationLandscapeLeft UIInterfaceOrientationLandscapeRight";
				LD_RUNPATH_SEARCH_PATHS = (
					"$(inherited)",
					"@executable_path/Frameworks",
				);
				MARKETING_VERSION = 1.0;
				PRODUCT_BUNDLE_IDENTIFIER = justiOSDev.CustomSegmentedControlSUI;
				PRODUCT_NAME = "$(TARGET_NAME)";
				SWIFT_EMIT_LOC_STRINGS = YES;
				SWIFT_VERSION = 5.0;
				TARGETED_DEVICE_FAMILY = "1,2";
			};
			name = Debug;
		};
		FA5D6C9F2C4A3429009CDDB9 /* Release */ = {
			isa = XCBuildConfiguration;
			buildSettings = {
				ASSETCATALOG_COMPILER_APPICON_NAME = AppIcon;
				ASSETCATALOG_COMPILER_GLOBAL_ACCENT_COLOR_NAME = AccentColor;
				CODE_SIGN_STYLE = Automatic;
				CURRENT_PROJECT_VERSION = 1;
				DEVELOPMENT_ASSET_PATHS = "\"CustomSegmentedControlSUI/Preview Content\"";
				DEVELOPMENT_TEAM = 8A8R6ZQST8;
				ENABLE_PREVIEWS = YES;
				GENERATE_INFOPLIST_FILE = YES;
				INFOPLIST_KEY_UIApplicationSceneManifest_Generation = YES;
				INFOPLIST_KEY_UIApplicationSupportsIndirectInputEvents = YES;
				INFOPLIST_KEY_UILaunchScreen_Generation = YES;
				INFOPLIST_KEY_UISupportedInterfaceOrientations_iPad = "UIInterfaceOrientationPortrait UIInterfaceOrientationPortraitUpsideDown UIInterfaceOrientationLandscapeLeft UIInterfaceOrientationLandscapeRight";
				INFOPLIST_KEY_UISupportedInterfaceOrientations_iPhone = "UIInterfaceOrientationPortrait UIInterfaceOrientationLandscapeLeft UIInterfaceOrientationLandscapeRight";
				LD_RUNPATH_SEARCH_PATHS = (
					"$(inherited)",
					"@executable_path/Frameworks",
				);
				MARKETING_VERSION = 1.0;
				PRODUCT_BUNDLE_IDENTIFIER = justiOSDev.CustomSegmentedControlSUI;
				PRODUCT_NAME = "$(TARGET_NAME)";
				SWIFT_EMIT_LOC_STRINGS = YES;
				SWIFT_VERSION = 5.0;
				TARGETED_DEVICE_FAMILY = "1,2";
			};
			name = Release;
		};
/* End XCBuildConfiguration section */

/* Begin XCConfigurationList section */
		FA5D6C8A2C4A3426009CDDB9 /* Build configuration list for PBXProject "CustomSegmentedControlSUI" */ = {
			isa = XCConfigurationList;
			buildConfigurations = (
				FA5D6C9B2C4A3429009CDDB9 /* Debug */,
				FA5D6C9C2C4A3429009CDDB9 /* Release */,
			);
			defaultConfigurationIsVisible = 0;
			defaultConfigurationName = Release;
		};
		FA5D6C9D2C4A3429009CDDB9 /* Build configuration list for PBXNativeTarget "CustomSegmentedControlSUI" */ = {
			isa = XCConfigurationList;
			buildConfigurations = (
				FA5D6C9E2C4A3429009CDDB9 /* Debug */,
				FA5D6C9F2C4A3429009CDDB9 /* Release */,
			);
			defaultConfigurationIsVisible = 0;
			defaultConfigurationName = Release;
		};
/* End XCConfigurationList section */
	};
	rootObject = FA5D6C872C4A3426009CDDB9 /* Project object */;
}
